Microsoft Visual Studio Solution File, Format Version 12.00
# Visual Studio Version 17
VisualStudioVersion = 17.5.2.0
MinimumVisualStudioVersion = 10.0.40219.1
Project("{FAE04EC0-301F-11D3-BF4B-00C04F79EFBC}") = "Riverty", "Riverty.csproj", "{34A3C1D5-736D-EB06-2F88-D32F7F68F12B}"
EndProject
Global
	GlobalSection(SolutionConfigurationPlatforms) = preSolution
		Debug|Any CPU = Debug|Any CPU
		Release|Any CPU = Release|Any CPU
	EndGlobalSection
	GlobalSection(ProjectConfigurationPlatforms) = postSolution
		{34A3C1D5-736D-EB06-2F88-D32F7F68F12B}.Debug|Any CPU.ActiveCfg = Debug|Any CPU
		{34A3C1D5-736D-EB06-2F88-D32F7F68F12B}.Debug|Any CPU.Build.0 = Debug|Any CPU
		{34A3C1D5-736D-EB06-2F88-D32F7F68F12B}.Release|Any CPU.ActiveCfg = Release|Any CPU
		{34A3C1D5-736D-EB06-2F88-D32F7F68F12B}.Release|Any CPU.Build.0 = Release|Any CPU
	EndGlobalSection
	GlobalSection(SolutionProperties) = preSolution
		HideSolutionNode = FALSE
	EndGlobalSection
	GlobalSection(ExtensibilityGlobals) = postSolution
		SolutionGuid = {344B14E6-0A54-4A33-BBDE-66BB9462AA3D}
	EndGlobalSection
EndGlobal
