
Microsoft Visual Studio Solution File, Format Version 12.00
# Visual Studio Version 17
VisualStudioVersion = 17.5.2.0
MinimumVisualStudioVersion = 10.0.40219.1
Project("{FAE04EC0-301F-11D3-BF4B-00C04F79EFBC}") = "Riverty.CurrencyApi", "Riverty.CurrencyApi\Riverty.CurrencyApi.csproj", "{C0849AFA-32B2-4C31-A446-77754F1147DE}"
EndProject
Project("{FAE04EC0-301F-11D3-BF4B-00C04F79EFBC}") = "Riverty.CurrencyRateUpdater", "Riverty.CurrencyRateUpdater\Riverty.CurrencyRateUpdater.csproj", "{19A1E6AF-6872-4470-8D6B-675558365ADE}"
EndProject
Project("{FAE04EC0-301F-11D3-BF4B-00C04F79EFBC}") = "Riverty.ExchangeRateCalculator", "Riverty.ExchangeRateCalculator\Riverty.ExchangeRateCalculator.csproj", "{47F2FD1A-9205-4FCA-94B9-BCBC8484CDC1}"
EndProject
Project("{FAE04EC0-301F-11D3-BF4B-00C04F79EFBC}") = "Riverty.Web", "Riverty.Web\Riverty.Web.csproj", "{D6BCF893-013C-446A-80E0-B5A57FCA9880}"
EndProject
Global
	GlobalSection(SolutionConfigurationPlatforms) = preSolution
		Debug|Any CPU = Debug|Any CPU
		Release|Any CPU = Release|Any CPU
	EndGlobalSection
	GlobalSection(SolutionProperties) = preSolution
		HideSolutionNode = FALSE
	EndGlobalSection
	GlobalSection(ExtensibilityGlobals) = postSolution
		SolutionGuid = {344B14E6-0A54-4A33-BBDE-66BB9462AA3D}
	EndGlobalSection
	GlobalSection(ProjectConfigurationPlatforms) = postSolution
		{C0849AFA-32B2-4C31-A446-77754F1147DE}.Debug|Any CPU.ActiveCfg = Debug|Any CPU
		{C0849AFA-32B2-4C31-A446-77754F1147DE}.Debug|Any CPU.Build.0 = Debug|Any CPU
		{C0849AFA-32B2-4C31-A446-77754F1147DE}.Release|Any CPU.ActiveCfg = Release|Any CPU
		{C0849AFA-32B2-4C31-A446-77754F1147DE}.Release|Any CPU.Build.0 = Release|Any CPU
		{19A1E6AF-6872-4470-8D6B-675558365ADE}.Debug|Any CPU.ActiveCfg = Debug|Any CPU
		{19A1E6AF-6872-4470-8D6B-675558365ADE}.Debug|Any CPU.Build.0 = Debug|Any CPU
		{19A1E6AF-6872-4470-8D6B-675558365ADE}.Release|Any CPU.ActiveCfg = Release|Any CPU
		{19A1E6AF-6872-4470-8D6B-675558365ADE}.Release|Any CPU.Build.0 = Release|Any CPU
		{47F2FD1A-9205-4FCA-94B9-BCBC8484CDC1}.Debug|Any CPU.ActiveCfg = Debug|Any CPU
		{47F2FD1A-9205-4FCA-94B9-BCBC8484CDC1}.Debug|Any CPU.Build.0 = Debug|Any CPU
		{47F2FD1A-9205-4FCA-94B9-BCBC8484CDC1}.Release|Any CPU.ActiveCfg = Release|Any CPU
		{47F2FD1A-9205-4FCA-94B9-BCBC8484CDC1}.Release|Any CPU.Build.0 = Release|Any CPU
		{D6BCF893-013C-446A-80E0-B5A57FCA9880}.Debug|Any CPU.ActiveCfg = Debug|Any CPU
		{D6BCF893-013C-446A-80E0-B5A57FCA9880}.Debug|Any CPU.Build.0 = Debug|Any CPU
		{D6BCF893-013C-446A-80E0-B5A57FCA9880}.Release|Any CPU.ActiveCfg = Release|Any CPU
		{D6BCF893-013C-446A-80E0-B5A57FCA9880}.Release|Any CPU.Build.0 = Release|Any CPU
	EndGlobalSection
EndGlobal
