
Microsoft Visual Studio Solution File, Format Version 12.00
# Visual Studio Version 17
VisualStudioVersion = 17.5.2.0
MinimumVisualStudioVersion = 10.0.40219.1
Project("{FAE04EC0-301F-11D3-BF4B-00C04F79EFBC}") = "Riverty.CurrencyRateUpdater", "CurrencyRateUpdater\Riverty.CurrencyRateUpdater.csproj", "{2F96AF71-28EC-45CB-BA68-0E8C04B66312}"
EndProject
Project("{FAE04EC0-301F-11D3-BF4B-00C04F79EFBC}") = "Riverty.ExchangeRateCalculator", "ExchangeRateCalculator\Riverty.ExchangeRateCalculator.csproj", "{2D3A41BA-6740-47A1-AA82-512AE2776481}"
EndProject
Global
	GlobalSection(SolutionConfigurationPlatforms) = preSolution
		Debug|Any CPU = Debug|Any CPU
		Release|Any CPU = Release|Any CPU
	EndGlobalSection
	GlobalSection(SolutionProperties) = preSolution
		HideSolutionNode = FALSE
	EndGlobalSection
	GlobalSection(ExtensibilityGlobals) = postSolution
		SolutionGuid = {344B14E6-0A54-4A33-BBDE-66BB9462AA3D}
	EndGlobalSection
	GlobalSection(ProjectConfigurationPlatforms) = postSolution
		{2F96AF71-28EC-45CB-BA68-0E8C04B66312}.Debug|Any CPU.ActiveCfg = Debug|Any CPU
		{2F96AF71-28EC-45CB-BA68-0E8C04B66312}.Debug|Any CPU.Build.0 = Debug|Any CPU
		{2F96AF71-28EC-45CB-BA68-0E8C04B66312}.Release|Any CPU.ActiveCfg = Release|Any CPU
		{2F96AF71-28EC-45CB-BA68-0E8C04B66312}.Release|Any CPU.Build.0 = Release|Any CPU
		{2D3A41BA-6740-47A1-AA82-512AE2776481}.Debug|Any CPU.ActiveCfg = Debug|Any CPU
		{2D3A41BA-6740-47A1-AA82-512AE2776481}.Debug|Any CPU.Build.0 = Debug|Any CPU
		{2D3A41BA-6740-47A1-AA82-512AE2776481}.Release|Any CPU.ActiveCfg = Release|Any CPU
		{2D3A41BA-6740-47A1-AA82-512AE2776481}.Release|Any CPU.Build.0 = Release|Any CPU
	EndGlobalSection
EndGlobal
